# This file is autogenerated, do not edit; changes may be undone by the next 'dep ensure'.


[[projects]]
  name = "golang.org/x/tools"
  packages = [
    "go/gcexportdata",
    "go/internal/gcimporter",
    "go/types/typeutil"
  ]
  revision = "02fcd6aaf1349bf6a3f24ef1b62ca07ff618ff59"

[solve-meta]
  analyzer-name = "dep"
  analyzer-version = 1
  inputs-digest = "429caf5c2b5620c0fe61ef359c2e4e72991f2a3e1a6dad222e4030c8e4d830ab"
  solver-name = "gps-cdcl"
  solver-version = 1
